{
  "name": "simple-browser",
  "version": "1.0.0",
  "lockfileVersion": 3,
  "requires": true,
  "packages": {
    "": {
      "name": "simple-browser",
      "version": "1.0.0",
      "license": "MIT",
      "dependencies": {
        "@vscode/extension-telemetry": "^0.9.7"
      },
      "devDependencies": {
        "@types/vscode-webview": "^1.57.0",
        "vscode-codicons": "^0.0.14"
      },
      "engines": {
        "vscode": "^1.70.0"
      }
    },
    "node_modules/@microsoft/1ds-core-js": {
      "version": "4.3.3",
      "resolved": "https://registry.npmjs.org/@microsoft/1ds-core-js/-/1ds-core-js-4.3.3.tgz",
      "integrity": "sha512-d49z99OKT1FvPI82P3DeIE5jG+gUSfTZ0ZHuDKj3hyMwdgCUJLnyd9vcL/1nSS/dFM0Sq8DAqbVI8kx/MEFv7w==",
      "license": "MIT",
      "dependencies": {
        "@microsoft/applicationinsights-core-js": "3.3.3",
        "@microsoft/applicationinsights-shims": "3.0.1",
        "@microsoft/dynamicproto-js": "^2.0.3",
        "@nevware21/ts-async": ">= 0.5.2 < 2.x",
        "@nevware21/ts-utils": ">= 0.11.3 < 2.x"
      }
    },
    "node_modules/@microsoft/1ds-post-js": {
      "version": "4.3.3",
      "resolved": "https://registry.npmjs.org/@microsoft/1ds-post-js/-/1ds-post-js-4.3.3.tgz",
      "integrity": "sha512-daRzjbi6rqhXW718I5e8+s7j1Fb1mrPL1ADOZsPvL2TGLE2dcyByVh5yvt33UI2eT6BA4uf2F+AiyGUkW4Hvqw==",
      "license": "MIT",
      "dependencies": {
        "@microsoft/1ds-core-js": "4.3.3",
        "@microsoft/applicationinsights-shims": "3.0.1",
        "@microsoft/dynamicproto-js": "^2.0.3",
        "@nevware21/ts-async": ">= 0.5.2 < 2.x",
        "@nevware21/ts-utils": ">= 0.11.3 < 2.x"
      }
    },
    "node_modules/@microsoft/applicationinsights-channel-js": {
      "version": "3.3.3",
      "resolved": "https://registry.npmjs.org/@microsoft/applicationinsights-channel-js/-/applicationinsights-channel-js-3.3.3.tgz",
      "integrity": "sha512-a6a1pig2V6L3cB9R7fAk9IsVB9FDJ89WBUZIUEJIpdTbhJ4AsIYUvhIuHkWYjVIzKhmaeXI1szf54mJWyb5rPQ==",
      "license": "MIT",
      "dependencies": {
        "@microsoft/applicationinsights-common": "3.3.3",
        "@microsoft/applicationinsights-core-js": "3.3.3",
        "@microsoft/applicationinsights-shims": "3.0.1",
        "@microsoft/dynamicproto-js": "^2.0.3",
        "@nevware21/ts-async": ">= 0.5.2 < 2.x",
        "@nevware21/ts-utils": ">= 0.11.3 < 2.x"
      },
      "peerDependencies": {
        "tslib": ">= 1.0.0"
      }
    },
    "node_modules/@microsoft/applicationinsights-common": {
      "version": "3.3.3",
      "resolved": "https://registry.npmjs.org/@microsoft/applicationinsights-common/-/applicationinsights-common-3.3.3.tgz",
      "integrity": "sha512-WB6iOVjXuBfyNiYL7gyg5S2KveK8zrgPH94llbUCMw+qWX0yENQQf/r3k1PzybxkWwy/8hwAmrV+ACvLcQrdcw==",
      "license": "MIT",
      "dependencies": {
        "@microsoft/applicationinsights-core-js": "3.3.3",
        "@microsoft/applicationinsights-shims": "3.0.1",
        "@microsoft/dynamicproto-js": "^2.0.3",
        "@nevware21/ts-utils": ">= 0.11.3 < 2.x"
      },
      "peerDependencies": {
        "tslib": ">= 1.0.0"
      }
    },
    "node_modules/@microsoft/applicationinsights-core-js": {
      "version": "3.3.3",
      "resolved": "https://registry.npmjs.org/@microsoft/applicationinsights-core-js/-/applicationinsights-core-js-3.3.3.tgz",
      "integrity": "sha512-U+IaAx/RS60jl8TAgtKzAeojbJgI+eCnYQGSvVE7IxdHgsmQ3hV3IYrBEf98q5nZD4U1zGoKtI8VEpkepoaYhQ==",
      "license": "MIT",
      "dependencies": {
        "@microsoft/applicationinsights-shims": "3.0.1",
        "@microsoft/dynamicproto-js": "^2.0.3",
        "@nevware21/ts-async": ">= 0.5.2 < 2.x",
        "@nevware21/ts-utils": ">= 0.11.3 < 2.x"
      },
      "peerDependencies": {
        "tslib": ">= 1.0.0"
      }
    },
    "node_modules/@microsoft/applicationinsights-shims": {
      "version": "3.0.1",
      "resolved": "https://registry.npmjs.org/@microsoft/applicationinsights-shims/-/applicationinsights-shims-3.0.1.tgz",
      "integrity": "sha512-DKwboF47H1nb33rSUfjqI6ryX29v+2QWcTrRvcQDA32AZr5Ilkr7whOOSsD1aBzwqX0RJEIP1Z81jfE3NBm/Lg==",
      "license": "MIT",
      "dependencies": {
        "@nevware21/ts-utils": ">= 0.9.4 < 2.x"
      }
    },
    "node_modules/@microsoft/applicationinsights-web-basic": {
      "version": "3.3.3",
      "resolved": "https://registry.npmjs.org/@microsoft/applicationinsights-web-basic/-/applicationinsights-web-basic-3.3.3.tgz",
      "integrity": "sha512-wSb4XMBStZgiXt+rUw/TzXrl8Bctd1micBd9OHa5LB7TrkNlu+KywQHVE2mE8reHqD8rS7jes2bMHCE7vUoMIg==",
      "license": "MIT",
      "dependencies": {
        "@microsoft/applicationinsights-channel-js": "3.3.3",
        "@microsoft/applicationinsights-common": "3.3.3",
        "@microsoft/applicationinsights-core-js": "3.3.3",
        "@microsoft/applicationinsights-shims": "3.0.1",
        "@microsoft/dynamicproto-js": "^2.0.3",
        "@nevware21/ts-async": ">= 0.5.2 < 2.x",
        "@nevware21/ts-utils": ">= 0.11.3 < 2.x"
      },
      "peerDependencies": {
        "tslib": ">= 1.0.0"
      }
    },
    "node_modules/@microsoft/dynamicproto-js": {
      "version": "2.0.3",
      "resolved": "https://registry.npmjs.org/@microsoft/dynamicproto-js/-/dynamicproto-js-2.0.3.tgz",
      "integrity": "sha512-JTWTU80rMy3mdxOjjpaiDQsTLZ6YSGGqsjURsY6AUQtIj0udlF/jYmhdLZu8693ZIC0T1IwYnFa0+QeiMnziBA==",
      "license": "MIT",
      "dependencies": {
        "@nevware21/ts-utils": ">= 0.10.4 < 2.x"
      }
    },
    "node_modules/@nevware21/ts-async": {
      "version": "0.5.2",
      "resolved": "https://registry.npmjs.org/@nevware21/ts-async/-/ts-async-0.5.2.tgz",
      "integrity": "sha512-Zf2vUNjCw2vJsiVKhWXA9hCNHsn59AOSGa5jGP4tWrp/vTH9XrI4eG/65khuoAgrS83migj0Xv5/j6fUAz69Zw==",
      "license": "MIT",
      "dependencies": {
        "@nevware21/ts-utils": ">= 0.11.3 < 2.x"
      }
    },
    "node_modules/@nevware21/ts-utils": {
      "version": "0.11.5",
      "resolved": "https://registry.npmjs.org/@nevware21/ts-utils/-/ts-utils-0.11.5.tgz",
      "integrity": "sha512-7nIzWKR50mf3htOg53kwPLqD5iJaRfVyBvb1NJhlIncyP1WzK8vAQbU9rqIsRtv7td1CnqspdP6IWNEjOjaeug==",
      "license": "MIT"
    },
    "node_modules/@types/vscode-webview": {
      "version": "1.57.0",
      "resolved": "https://registry.npmjs.org/@types/vscode-webview/-/vscode-webview-1.57.0.tgz",
      "integrity": "sha512-x3Cb/SMa1IwRHfSvKaZDZOTh4cNoG505c3NjTqGlMC082m++x/ETUmtYniDsw6SSmYzZXO8KBNhYxR0+VqymqA==",
      "dev": true
    },
    "node_modules/@vscode/extension-telemetry": {
      "version": "0.9.7",
      "resolved": "https://registry.npmjs.org/@vscode/extension-telemetry/-/extension-telemetry-0.9.7.tgz",
      "integrity": "sha512-2GQbcfDUTg0QC1v0HefkHNwYrE5LYKzS3Zb0+uA6Qn1MBDzgiSh23ddOZF/JRqhqBFOG0mE70XslKSGQ5v9KwQ==",
      "license": "MIT",
      "dependencies": {
        "@microsoft/1ds-core-js": "^4.3.0",
        "@microsoft/1ds-post-js": "^4.3.0",
        "@microsoft/applicationinsights-web-basic": "^3.3.0"
      },
      "engines": {
        "vscode": "^1.75.0"
      }
    },
    "node_modules/tslib": {
      "version": "2.8.0",
      "resolved": "https://registry.npmjs.org/tslib/-/tslib-2.8.0.tgz",
      "integrity": "sha512-jWVzBLplnCmoaTr13V9dYbiQ99wvZRd0vNWaDRg+aVYRcjDF3nDksxFDE/+fkXnKhpnUUkmx5pK/v8mCtLVqZA==",
      "license": "0BSD",
      "peer": true
    },
    "node_modules/vscode-codicons": {
      "version": "0.0.14",
      "resolved": "https://registry.npmjs.org/vscode-codicons/-/vscode-codicons-0.0.14.tgz",
      "integrity": "sha512-6CEH5KT9ct5WMw7n5dlX7rB8ya4CUI2FSq1Wk36XaW+c5RglFtAanUV0T+gvZVVFhl/WxfjTvFHq06Hz9c1SLA==",
      "deprecated": "This package is deprecated, please use @vscode/codicons https://www.npmjs.com/package/@vscode/codicons",
      "dev": true
    }
  }
}
